
Microsoft Visual Studio Solution File, Format Version 12.00
Project("{FAE04EC0-301F-11D3-BF4B-00C04F79EFBC}") = "VMCS.API", "VMCS.API\VMCS.API.csproj", "{FF48EE6E-D7AF-461B-8AC8-EB5BE80BEC15}"
EndProject
Global
	GlobalSection(SolutionConfigurationPlatforms) = preSolution
		Debug|Any CPU = Debug|Any CPU
		Release|Any CPU = Release|Any CPU
	EndGlobalSection
	GlobalSection(ProjectConfigurationPlatforms) = postSolution
		{FF48EE6E-D7AF-461B-8AC8-EB5BE80BEC15}.Debug|Any CPU.ActiveCfg = Debug|Any CPU
		{FF48EE6E-D7AF-461B-8AC8-EB5BE80BEC15}.Debug|Any CPU.Build.0 = Debug|Any CPU
		{FF48EE6E-D7AF-461B-8AC8-EB5BE80BEC15}.Release|Any CPU.ActiveCfg = Release|Any CPU
		{FF48EE6E-D7AF-461B-8AC8-EB5BE80BEC15}.Release|Any CPU.Build.0 = Release|Any CPU
	EndGlobalSection
EndGlobal
