
Microsoft Visual Studio Solution File, Format Version 12.00
Project("{FAE04EC0-301F-11D3-BF4B-00C04F79EFBC}") = "VMCS.API", "VMCS.API\VMCS.API.csproj", "{FF48EE6E-D7AF-461B-8AC8-EB5BE80BEC15}"
EndProject
Project("{FAE04EC0-301F-11D3-BF4B-00C04F79EFBC}") = "VMCS.Core", "VMCS.Core\VMCS.Core.csproj", "{1D924D33-7857-4299-89E9-724C3BFD0A31}"
EndProject
Project("{FAE04EC0-301F-11D3-BF4B-00C04F79EFBC}") = "VMCS.Data", "VMCS.Data\VMCS.Data.csproj", "{6711AE56-4B9D-4165-84D9-8793A20056CA}"
EndProject
Global
	GlobalSection(SolutionConfigurationPlatforms) = preSolution
		Debug|Any CPU = Debug|Any CPU
		Release|Any CPU = Release|Any CPU
	EndGlobalSection
	GlobalSection(ProjectConfigurationPlatforms) = postSolution
		{FF48EE6E-D7AF-461B-8AC8-EB5BE80BEC15}.Debug|Any CPU.ActiveCfg = Debug|Any CPU
		{FF48EE6E-D7AF-461B-8AC8-EB5BE80BEC15}.Debug|Any CPU.Build.0 = Debug|Any CPU
		{FF48EE6E-D7AF-461B-8AC8-EB5BE80BEC15}.Release|Any CPU.ActiveCfg = Release|Any CPU
		{FF48EE6E-D7AF-461B-8AC8-EB5BE80BEC15}.Release|Any CPU.Build.0 = Release|Any CPU
		{1D924D33-7857-4299-89E9-724C3BFD0A31}.Debug|Any CPU.ActiveCfg = Debug|Any CPU
		{1D924D33-7857-4299-89E9-724C3BFD0A31}.Debug|Any CPU.Build.0 = Debug|Any CPU
		{1D924D33-7857-4299-89E9-724C3BFD0A31}.Release|Any CPU.ActiveCfg = Release|Any CPU
		{1D924D33-7857-4299-89E9-724C3BFD0A31}.Release|Any CPU.Build.0 = Release|Any CPU
		{6711AE56-4B9D-4165-84D9-8793A20056CA}.Debug|Any CPU.ActiveCfg = Debug|Any CPU
		{6711AE56-4B9D-4165-84D9-8793A20056CA}.Debug|Any CPU.Build.0 = Debug|Any CPU
		{6711AE56-4B9D-4165-84D9-8793A20056CA}.Release|Any CPU.ActiveCfg = Release|Any CPU
		{6711AE56-4B9D-4165-84D9-8793A20056CA}.Release|Any CPU.Build.0 = Release|Any CPU
	EndGlobalSection
EndGlobal
